
Microsoft Visual Studio Solution File, Format Version 12.00
# Visual Studio Version 17
VisualStudioVersion = 17.5.002.0
MinimumVisualStudioVersion = 10.0.40219.1
Project("{9A19103F-16F7-4668-BE54-9A1E7A4F7556}") = "HangfireDemo.Api", "HangfireDemo.Api\HangfireDemo.Api.csproj", "{ED3ED67F-6F56-4B45-B152-899C63C6893E}"
EndProject
Project("{2150E333-8FDC-42A3-9474-1A3956D46DE8}") = "Solution Items", "Solution Items", "{593230AD-798D-434D-9E90-E1539EA8A328}"
	ProjectSection(SolutionItems) = preProject
		docker-compose.yml = docker-compose.yml
		nginx.conf = nginx.conf
		Dockerfile-Api = Dockerfile-Api
		.dockerignore = .dockerignore
		Dockerfile-Dashboard = Dockerfile-Dashboard
	EndProjectSection
EndProject
Project("{FAE04EC0-301F-11D3-BF4B-00C04F79EFBC}") = "HangfireDemo.Worker", "HangfireDemo.Worker\HangfireDemo.Worker.csproj", "{A0F5FC5B-D23A-4101-A1DC-7F7D5C9704AE}"
EndProject
Project("{FAE04EC0-301F-11D3-BF4B-00C04F79EFBC}") = "HangfireDemo.Server", "HangfireDemo.Server\HangfireDemo.Server.csproj", "{CE4D1F31-AFF2-4EAD-87EE-21F11BE8414A}"
EndProject
Project("{FAE04EC0-301F-11D3-BF4B-00C04F79EFBC}") = "HangfireDemo.Dashboard", "HangfireDemo.Dashboard\HangfireDemo.Dashboard.csproj", "{F5C722A9-C081-42B1-A9F9-01BEC925CCC7}"
EndProject
Project("{FAE04EC0-301F-11D3-BF4B-00C04F79EFBC}") = "HangfireDemo.Common", "HangfireDemo.Common\HangfireDemo.Common.csproj", "{D8369D44-2805-43FF-99AD-07FF92EF7571}"
EndProject
Global
	GlobalSection(SolutionConfigurationPlatforms) = preSolution
		Debug|Any CPU = Debug|Any CPU
		Release|Any CPU = Release|Any CPU
	EndGlobalSection
	GlobalSection(ProjectConfigurationPlatforms) = postSolution
		{ED3ED67F-6F56-4B45-B152-899C63C6893E}.Debug|Any CPU.ActiveCfg = Debug|Any CPU
		{ED3ED67F-6F56-4B45-B152-899C63C6893E}.Debug|Any CPU.Build.0 = Debug|Any CPU
		{ED3ED67F-6F56-4B45-B152-899C63C6893E}.Release|Any CPU.ActiveCfg = Release|Any CPU
		{ED3ED67F-6F56-4B45-B152-899C63C6893E}.Release|Any CPU.Build.0 = Release|Any CPU
		{A0F5FC5B-D23A-4101-A1DC-7F7D5C9704AE}.Debug|Any CPU.ActiveCfg = Debug|Any CPU
		{A0F5FC5B-D23A-4101-A1DC-7F7D5C9704AE}.Debug|Any CPU.Build.0 = Debug|Any CPU
		{A0F5FC5B-D23A-4101-A1DC-7F7D5C9704AE}.Release|Any CPU.ActiveCfg = Release|Any CPU
		{A0F5FC5B-D23A-4101-A1DC-7F7D5C9704AE}.Release|Any CPU.Build.0 = Release|Any CPU
		{CE4D1F31-AFF2-4EAD-87EE-21F11BE8414A}.Debug|Any CPU.ActiveCfg = Debug|Any CPU
		{CE4D1F31-AFF2-4EAD-87EE-21F11BE8414A}.Debug|Any CPU.Build.0 = Debug|Any CPU
		{CE4D1F31-AFF2-4EAD-87EE-21F11BE8414A}.Release|Any CPU.ActiveCfg = Release|Any CPU
		{CE4D1F31-AFF2-4EAD-87EE-21F11BE8414A}.Release|Any CPU.Build.0 = Release|Any CPU
		{F5C722A9-C081-42B1-A9F9-01BEC925CCC7}.Debug|Any CPU.ActiveCfg = Debug|Any CPU
		{F5C722A9-C081-42B1-A9F9-01BEC925CCC7}.Debug|Any CPU.Build.0 = Debug|Any CPU
		{F5C722A9-C081-42B1-A9F9-01BEC925CCC7}.Release|Any CPU.ActiveCfg = Release|Any CPU
		{F5C722A9-C081-42B1-A9F9-01BEC925CCC7}.Release|Any CPU.Build.0 = Release|Any CPU
		{D8369D44-2805-43FF-99AD-07FF92EF7571}.Debug|Any CPU.ActiveCfg = Debug|Any CPU
		{D8369D44-2805-43FF-99AD-07FF92EF7571}.Debug|Any CPU.Build.0 = Debug|Any CPU
		{D8369D44-2805-43FF-99AD-07FF92EF7571}.Release|Any CPU.ActiveCfg = Release|Any CPU
		{D8369D44-2805-43FF-99AD-07FF92EF7571}.Release|Any CPU.Build.0 = Release|Any CPU
	EndGlobalSection
	GlobalSection(SolutionProperties) = preSolution
		HideSolutionNode = FALSE
	EndGlobalSection
	GlobalSection(ExtensibilityGlobals) = postSolution
		SolutionGuid = {523817AE-41CE-4718-87BE-980D28F46486}
	EndGlobalSection
EndGlobal
